
Microsoft Visual Studio Solution File, Format Version 12.00
# Visual Studio Version 17
VisualStudioVersion = 17.12.35728.132
MinimumVisualStudioVersion = 10.0.40219.1
Project("{FAE04EC0-301F-11D3-BF4B-00C04F79EFBC}") = "PL", "UsuarioCore\PL.csproj", "{5AC09124-912A-4570-8659-931F38E8BBAD}"
EndProject
Project("{FAE04EC0-301F-11D3-BF4B-00C04F79EFBC}") = "ML", "ML\ML.csproj", "{7F9EBE35-68D6-45B8-A4D8-74E90B995CEE}"
EndProject
Project("{FAE04EC0-301F-11D3-BF4B-00C04F79EFBC}") = "DL", "DL\DL.csproj", "{985358FB-DA78-478B-A333-B17FB9337B37}"
EndProject
Project("{FAE04EC0-301F-11D3-BF4B-00C04F79EFBC}") = "BL", "BL\BL.csproj", "{4EA8F045-4AE2-4FE7-B74B-430A7DDEF849}"
EndProject
Global
	GlobalSection(SolutionConfigurationPlatforms) = preSolution
		Debug|Any CPU = Debug|Any CPU
		Release|Any CPU = Release|Any CPU
	EndGlobalSection
	GlobalSection(ProjectConfigurationPlatforms) = postSolution
		{5AC09124-912A-4570-8659-931F38E8BBAD}.Debug|Any CPU.ActiveCfg = Debug|Any CPU
		{5AC09124-912A-4570-8659-931F38E8BBAD}.Debug|Any CPU.Build.0 = Debug|Any CPU
		{5AC09124-912A-4570-8659-931F38E8BBAD}.Release|Any CPU.ActiveCfg = Release|Any CPU
		{5AC09124-912A-4570-8659-931F38E8BBAD}.Release|Any CPU.Build.0 = Release|Any CPU
		{7F9EBE35-68D6-45B8-A4D8-74E90B995CEE}.Debug|Any CPU.ActiveCfg = Debug|Any CPU
		{7F9EBE35-68D6-45B8-A4D8-74E90B995CEE}.Debug|Any CPU.Build.0 = Debug|Any CPU
		{7F9EBE35-68D6-45B8-A4D8-74E90B995CEE}.Release|Any CPU.ActiveCfg = Release|Any CPU
		{7F9EBE35-68D6-45B8-A4D8-74E90B995CEE}.Release|Any CPU.Build.0 = Release|Any CPU
		{985358FB-DA78-478B-A333-B17FB9337B37}.Debug|Any CPU.ActiveCfg = Debug|Any CPU
		{985358FB-DA78-478B-A333-B17FB9337B37}.Debug|Any CPU.Build.0 = Debug|Any CPU
		{985358FB-DA78-478B-A333-B17FB9337B37}.Release|Any CPU.ActiveCfg = Release|Any CPU
		{985358FB-DA78-478B-A333-B17FB9337B37}.Release|Any CPU.Build.0 = Release|Any CPU
		{4EA8F045-4AE2-4FE7-B74B-430A7DDEF849}.Debug|Any CPU.ActiveCfg = Debug|Any CPU
		{4EA8F045-4AE2-4FE7-B74B-430A7DDEF849}.Debug|Any CPU.Build.0 = Debug|Any CPU
		{4EA8F045-4AE2-4FE7-B74B-430A7DDEF849}.Release|Any CPU.ActiveCfg = Release|Any CPU
		{4EA8F045-4AE2-4FE7-B74B-430A7DDEF849}.Release|Any CPU.Build.0 = Release|Any CPU
	EndGlobalSection
	GlobalSection(SolutionProperties) = preSolution
		HideSolutionNode = FALSE
	EndGlobalSection
EndGlobal
